
Microsoft Visual Studio Solution File, Format Version 12.00
# Visual Studio Version 17
VisualStudioVersion = 17.0.31903.59
MinimumVisualStudioVersion = 10.0.40219.1
Project("{9A19103F-16F7-4668-BE54-9A1E7A4F7556}") = "MLunarCoffee", "MLunarCoffee\MLunarCoffee.csproj", "{5703E311-203D-49DA-89CF-230E9CA1712D}"
EndProject
Project("{9A19103F-16F7-4668-BE54-9A1E7A4F7556}") = "LibRCL", "LibRCL\LibRCL.csproj", "{465A1ACF-408D-4B96-AE46-151DA56BB54C}"
EndProject
Global
	GlobalSection(SolutionConfigurationPlatforms) = preSolution
		Ad-Hoc|Any CPU = Ad-Hoc|Any CPU
		Ad-Hoc|iPhone = Ad-Hoc|iPhone
		Ad-Hoc|iPhoneSimulator = Ad-Hoc|iPhoneSimulator
		Ad-Hoc|x86 = Ad-Hoc|x86
		AppStore|Any CPU = AppStore|Any CPU
		AppStore|iPhone = AppStore|iPhone
		AppStore|iPhoneSimulator = AppStore|iPhoneSimulator
		AppStore|x86 = AppStore|x86
		Debug|Any CPU = Debug|Any CPU
		Debug|iPhone = Debug|iPhone
		Debug|iPhoneSimulator = Debug|iPhoneSimulator
		Debug|x86 = Debug|x86
		Release|Any CPU = Release|Any CPU
		Release|iPhone = Release|iPhone
		Release|iPhoneSimulator = Release|iPhoneSimulator
		Release|x86 = Release|x86
	EndGlobalSection
	GlobalSection(ProjectConfigurationPlatforms) = postSolution
		{5703E311-203D-49DA-89CF-230E9CA1712D}.Ad-Hoc|Any CPU.ActiveCfg = Release|Any CPU
		{5703E311-203D-49DA-89CF-230E9CA1712D}.Ad-Hoc|Any CPU.Build.0 = Release|Any CPU
		{5703E311-203D-49DA-89CF-230E9CA1712D}.Ad-Hoc|iPhone.ActiveCfg = Release|Any CPU
		{5703E311-203D-49DA-89CF-230E9CA1712D}.Ad-Hoc|iPhone.Build.0 = Release|Any CPU
		{5703E311-203D-49DA-89CF-230E9CA1712D}.Ad-Hoc|iPhoneSimulator.ActiveCfg = Release|Any CPU
		{5703E311-203D-49DA-89CF-230E9CA1712D}.Ad-Hoc|iPhoneSimulator.Build.0 = Release|Any CPU
		{5703E311-203D-49DA-89CF-230E9CA1712D}.Ad-Hoc|x86.ActiveCfg = Nikko|Any CPU
		{5703E311-203D-49DA-89CF-230E9CA1712D}.Ad-Hoc|x86.Build.0 = Nikko|Any CPU
		{5703E311-203D-49DA-89CF-230E9CA1712D}.AppStore|Any CPU.ActiveCfg = Release|Any CPU
		{5703E311-203D-49DA-89CF-230E9CA1712D}.AppStore|Any CPU.Build.0 = Release|Any CPU
		{5703E311-203D-49DA-89CF-230E9CA1712D}.AppStore|iPhone.ActiveCfg = Release|Any CPU
		{5703E311-203D-49DA-89CF-230E9CA1712D}.AppStore|iPhone.Build.0 = Release|Any CPU
		{5703E311-203D-49DA-89CF-230E9CA1712D}.AppStore|iPhoneSimulator.ActiveCfg = Release|Any CPU
		{5703E311-203D-49DA-89CF-230E9CA1712D}.AppStore|iPhoneSimulator.Build.0 = Release|Any CPU
		{5703E311-203D-49DA-89CF-230E9CA1712D}.AppStore|x86.ActiveCfg = Nikko|Any CPU
		{5703E311-203D-49DA-89CF-230E9CA1712D}.AppStore|x86.Build.0 = Nikko|Any CPU
		{5703E311-203D-49DA-89CF-230E9CA1712D}.Debug|Any CPU.ActiveCfg = Debug|Any CPU
		{5703E311-203D-49DA-89CF-230E9CA1712D}.Debug|Any CPU.Build.0 = Debug|Any CPU
		{5703E311-203D-49DA-89CF-230E9CA1712D}.Debug|iPhone.ActiveCfg = Debug|Any CPU
		{5703E311-203D-49DA-89CF-230E9CA1712D}.Debug|iPhone.Build.0 = Debug|Any CPU
		{5703E311-203D-49DA-89CF-230E9CA1712D}.Debug|iPhoneSimulator.ActiveCfg = Debug|Any CPU
		{5703E311-203D-49DA-89CF-230E9CA1712D}.Debug|iPhoneSimulator.Build.0 = Debug|Any CPU
		{5703E311-203D-49DA-89CF-230E9CA1712D}.Debug|x86.ActiveCfg = Debug|Any CPU
		{5703E311-203D-49DA-89CF-230E9CA1712D}.Debug|x86.Build.0 = Debug|Any CPU
		{5703E311-203D-49DA-89CF-230E9CA1712D}.Release|Any CPU.ActiveCfg = Release|Any CPU
		{5703E311-203D-49DA-89CF-230E9CA1712D}.Release|Any CPU.Build.0 = Release|Any CPU
		{5703E311-203D-49DA-89CF-230E9CA1712D}.Release|iPhone.ActiveCfg = Release|Any CPU
		{5703E311-203D-49DA-89CF-230E9CA1712D}.Release|iPhone.Build.0 = Release|Any CPU
		{5703E311-203D-49DA-89CF-230E9CA1712D}.Release|iPhoneSimulator.ActiveCfg = Release|Any CPU
		{5703E311-203D-49DA-89CF-230E9CA1712D}.Release|iPhoneSimulator.Build.0 = Release|Any CPU
		{5703E311-203D-49DA-89CF-230E9CA1712D}.Release|x86.ActiveCfg = Release|Any CPU
		{5703E311-203D-49DA-89CF-230E9CA1712D}.Release|x86.Build.0 = Release|Any CPU
		{62AD09BF-2BB1-4720-93A3-9237B4CCA283}.Ad-Hoc|Any CPU.ActiveCfg = Release|Any CPU
		{62AD09BF-2BB1-4720-93A3-9237B4CCA283}.Ad-Hoc|Any CPU.Build.0 = Release|Any CPU
		{62AD09BF-2BB1-4720-93A3-9237B4CCA283}.Ad-Hoc|iPhone.ActiveCfg = Release|Any CPU
		{62AD09BF-2BB1-4720-93A3-9237B4CCA283}.Ad-Hoc|iPhone.Build.0 = Release|Any CPU
		{62AD09BF-2BB1-4720-93A3-9237B4CCA283}.Ad-Hoc|iPhoneSimulator.ActiveCfg = Release|Any CPU
		{62AD09BF-2BB1-4720-93A3-9237B4CCA283}.Ad-Hoc|iPhoneSimulator.Build.0 = Release|Any CPU
		{62AD09BF-2BB1-4720-93A3-9237B4CCA283}.Ad-Hoc|x86.ActiveCfg = Debug|Any CPU
		{62AD09BF-2BB1-4720-93A3-9237B4CCA283}.Ad-Hoc|x86.Build.0 = Debug|Any CPU
		{62AD09BF-2BB1-4720-93A3-9237B4CCA283}.AppStore|Any CPU.ActiveCfg = Release|Any CPU
		{62AD09BF-2BB1-4720-93A3-9237B4CCA283}.AppStore|Any CPU.Build.0 = Release|Any CPU
		{62AD09BF-2BB1-4720-93A3-9237B4CCA283}.AppStore|iPhone.ActiveCfg = Release|Any CPU
		{62AD09BF-2BB1-4720-93A3-9237B4CCA283}.AppStore|iPhone.Build.0 = Release|Any CPU
		{62AD09BF-2BB1-4720-93A3-9237B4CCA283}.AppStore|iPhoneSimulator.ActiveCfg = Release|Any CPU
		{62AD09BF-2BB1-4720-93A3-9237B4CCA283}.AppStore|iPhoneSimulator.Build.0 = Release|Any CPU
		{62AD09BF-2BB1-4720-93A3-9237B4CCA283}.AppStore|x86.ActiveCfg = Debug|Any CPU
		{62AD09BF-2BB1-4720-93A3-9237B4CCA283}.AppStore|x86.Build.0 = Debug|Any CPU
		{62AD09BF-2BB1-4720-93A3-9237B4CCA283}.Debug|Any CPU.ActiveCfg = Debug|Any CPU
		{62AD09BF-2BB1-4720-93A3-9237B4CCA283}.Debug|Any CPU.Build.0 = Debug|Any CPU
		{62AD09BF-2BB1-4720-93A3-9237B4CCA283}.Debug|iPhone.ActiveCfg = Debug|Any CPU
		{62AD09BF-2BB1-4720-93A3-9237B4CCA283}.Debug|iPhone.Build.0 = Debug|Any CPU
		{62AD09BF-2BB1-4720-93A3-9237B4CCA283}.Debug|iPhoneSimulator.ActiveCfg = Debug|Any CPU
		{62AD09BF-2BB1-4720-93A3-9237B4CCA283}.Debug|iPhoneSimulator.Build.0 = Debug|Any CPU
		{62AD09BF-2BB1-4720-93A3-9237B4CCA283}.Debug|x86.ActiveCfg = Debug|Any CPU
		{62AD09BF-2BB1-4720-93A3-9237B4CCA283}.Debug|x86.Build.0 = Debug|Any CPU
		{62AD09BF-2BB1-4720-93A3-9237B4CCA283}.Release|Any CPU.ActiveCfg = Release|Any CPU
		{62AD09BF-2BB1-4720-93A3-9237B4CCA283}.Release|Any CPU.Build.0 = Release|Any CPU
		{62AD09BF-2BB1-4720-93A3-9237B4CCA283}.Release|iPhone.ActiveCfg = Release|Any CPU
		{62AD09BF-2BB1-4720-93A3-9237B4CCA283}.Release|iPhone.Build.0 = Release|Any CPU
		{62AD09BF-2BB1-4720-93A3-9237B4CCA283}.Release|iPhoneSimulator.ActiveCfg = Release|Any CPU
		{62AD09BF-2BB1-4720-93A3-9237B4CCA283}.Release|iPhoneSimulator.Build.0 = Release|Any CPU
		{62AD09BF-2BB1-4720-93A3-9237B4CCA283}.Release|x86.ActiveCfg = Release|Any CPU
		{62AD09BF-2BB1-4720-93A3-9237B4CCA283}.Release|x86.Build.0 = Release|Any CPU
		{DFF2ECB2-6E9C-471D-ADA9-EDA9057AE159}.Ad-Hoc|Any CPU.ActiveCfg = Release|Any CPU
		{DFF2ECB2-6E9C-471D-ADA9-EDA9057AE159}.Ad-Hoc|Any CPU.Build.0 = Release|Any CPU
		{DFF2ECB2-6E9C-471D-ADA9-EDA9057AE159}.Ad-Hoc|iPhone.ActiveCfg = Release|Any CPU
		{DFF2ECB2-6E9C-471D-ADA9-EDA9057AE159}.Ad-Hoc|iPhone.Build.0 = Release|Any CPU
		{DFF2ECB2-6E9C-471D-ADA9-EDA9057AE159}.Ad-Hoc|iPhoneSimulator.ActiveCfg = Release|Any CPU
		{DFF2ECB2-6E9C-471D-ADA9-EDA9057AE159}.Ad-Hoc|iPhoneSimulator.Build.0 = Release|Any CPU
		{DFF2ECB2-6E9C-471D-ADA9-EDA9057AE159}.Ad-Hoc|x86.ActiveCfg = Debug|Any CPU
		{DFF2ECB2-6E9C-471D-ADA9-EDA9057AE159}.Ad-Hoc|x86.Build.0 = Debug|Any CPU
		{DFF2ECB2-6E9C-471D-ADA9-EDA9057AE159}.AppStore|Any CPU.ActiveCfg = Release|Any CPU
		{DFF2ECB2-6E9C-471D-ADA9-EDA9057AE159}.AppStore|Any CPU.Build.0 = Release|Any CPU
		{DFF2ECB2-6E9C-471D-ADA9-EDA9057AE159}.AppStore|iPhone.ActiveCfg = Release|Any CPU
		{DFF2ECB2-6E9C-471D-ADA9-EDA9057AE159}.AppStore|iPhone.Build.0 = Release|Any CPU
		{DFF2ECB2-6E9C-471D-ADA9-EDA9057AE159}.AppStore|iPhoneSimulator.ActiveCfg = Release|Any CPU
		{DFF2ECB2-6E9C-471D-ADA9-EDA9057AE159}.AppStore|iPhoneSimulator.Build.0 = Release|Any CPU
		{DFF2ECB2-6E9C-471D-ADA9-EDA9057AE159}.AppStore|x86.ActiveCfg = Debug|Any CPU
		{DFF2ECB2-6E9C-471D-ADA9-EDA9057AE159}.AppStore|x86.Build.0 = Debug|Any CPU
		{DFF2ECB2-6E9C-471D-ADA9-EDA9057AE159}.Debug|Any CPU.ActiveCfg = Debug|Any CPU
		{DFF2ECB2-6E9C-471D-ADA9-EDA9057AE159}.Debug|Any CPU.Build.0 = Debug|Any CPU
		{DFF2ECB2-6E9C-471D-ADA9-EDA9057AE159}.Debug|iPhone.ActiveCfg = Debug|Any CPU
		{DFF2ECB2-6E9C-471D-ADA9-EDA9057AE159}.Debug|iPhone.Build.0 = Debug|Any CPU
		{DFF2ECB2-6E9C-471D-ADA9-EDA9057AE159}.Debug|iPhoneSimulator.ActiveCfg = Debug|Any CPU
		{DFF2ECB2-6E9C-471D-ADA9-EDA9057AE159}.Debug|iPhoneSimulator.Build.0 = Debug|Any CPU
		{DFF2ECB2-6E9C-471D-ADA9-EDA9057AE159}.Debug|x86.ActiveCfg = Debug|Any CPU
		{DFF2ECB2-6E9C-471D-ADA9-EDA9057AE159}.Debug|x86.Build.0 = Debug|Any CPU
		{DFF2ECB2-6E9C-471D-ADA9-EDA9057AE159}.Release|Any CPU.ActiveCfg = Release|Any CPU
		{DFF2ECB2-6E9C-471D-ADA9-EDA9057AE159}.Release|Any CPU.Build.0 = Release|Any CPU
		{DFF2ECB2-6E9C-471D-ADA9-EDA9057AE159}.Release|iPhone.ActiveCfg = Release|Any CPU
		{DFF2ECB2-6E9C-471D-ADA9-EDA9057AE159}.Release|iPhone.Build.0 = Release|Any CPU
		{DFF2ECB2-6E9C-471D-ADA9-EDA9057AE159}.Release|iPhoneSimulator.ActiveCfg = Release|Any CPU
		{DFF2ECB2-6E9C-471D-ADA9-EDA9057AE159}.Release|iPhoneSimulator.Build.0 = Release|Any CPU
		{DFF2ECB2-6E9C-471D-ADA9-EDA9057AE159}.Release|x86.ActiveCfg = Release|Any CPU
		{DFF2ECB2-6E9C-471D-ADA9-EDA9057AE159}.Release|x86.Build.0 = Release|Any CPU
		{465A1ACF-408D-4B96-AE46-151DA56BB54C}.Ad-Hoc|Any CPU.ActiveCfg = Release|Any CPU
		{465A1ACF-408D-4B96-AE46-151DA56BB54C}.Ad-Hoc|Any CPU.Build.0 = Release|Any CPU
		{465A1ACF-408D-4B96-AE46-151DA56BB54C}.Ad-Hoc|iPhone.ActiveCfg = Release|Any CPU
		{465A1ACF-408D-4B96-AE46-151DA56BB54C}.Ad-Hoc|iPhone.Build.0 = Release|Any CPU
		{465A1ACF-408D-4B96-AE46-151DA56BB54C}.Ad-Hoc|iPhoneSimulator.ActiveCfg = Release|Any CPU
		{465A1ACF-408D-4B96-AE46-151DA56BB54C}.Ad-Hoc|iPhoneSimulator.Build.0 = Release|Any CPU
		{465A1ACF-408D-4B96-AE46-151DA56BB54C}.Ad-Hoc|x86.ActiveCfg = Debug|Any CPU
		{465A1ACF-408D-4B96-AE46-151DA56BB54C}.Ad-Hoc|x86.Build.0 = Debug|Any CPU
		{465A1ACF-408D-4B96-AE46-151DA56BB54C}.AppStore|Any CPU.ActiveCfg = Release|Any CPU
		{465A1ACF-408D-4B96-AE46-151DA56BB54C}.AppStore|Any CPU.Build.0 = Release|Any CPU
		{465A1ACF-408D-4B96-AE46-151DA56BB54C}.AppStore|iPhone.ActiveCfg = Release|Any CPU
		{465A1ACF-408D-4B96-AE46-151DA56BB54C}.AppStore|iPhone.Build.0 = Release|Any CPU
		{465A1ACF-408D-4B96-AE46-151DA56BB54C}.AppStore|iPhoneSimulator.ActiveCfg = Release|Any CPU
		{465A1ACF-408D-4B96-AE46-151DA56BB54C}.AppStore|iPhoneSimulator.Build.0 = Release|Any CPU
		{465A1ACF-408D-4B96-AE46-151DA56BB54C}.AppStore|x86.ActiveCfg = Debug|Any CPU
		{465A1ACF-408D-4B96-AE46-151DA56BB54C}.AppStore|x86.Build.0 = Debug|Any CPU
		{465A1ACF-408D-4B96-AE46-151DA56BB54C}.Debug|Any CPU.ActiveCfg = Debug|Any CPU
		{465A1ACF-408D-4B96-AE46-151DA56BB54C}.Debug|Any CPU.Build.0 = Debug|Any CPU
		{465A1ACF-408D-4B96-AE46-151DA56BB54C}.Debug|iPhone.ActiveCfg = Debug|Any CPU
		{465A1ACF-408D-4B96-AE46-151DA56BB54C}.Debug|iPhone.Build.0 = Debug|Any CPU
		{465A1ACF-408D-4B96-AE46-151DA56BB54C}.Debug|iPhoneSimulator.ActiveCfg = Debug|Any CPU
		{465A1ACF-408D-4B96-AE46-151DA56BB54C}.Debug|iPhoneSimulator.Build.0 = Debug|Any CPU
		{465A1ACF-408D-4B96-AE46-151DA56BB54C}.Debug|x86.ActiveCfg = Debug|Any CPU
		{465A1ACF-408D-4B96-AE46-151DA56BB54C}.Debug|x86.Build.0 = Debug|Any CPU
		{465A1ACF-408D-4B96-AE46-151DA56BB54C}.Release|Any CPU.ActiveCfg = Release|Any CPU
		{465A1ACF-408D-4B96-AE46-151DA56BB54C}.Release|Any CPU.Build.0 = Release|Any CPU
		{465A1ACF-408D-4B96-AE46-151DA56BB54C}.Release|iPhone.ActiveCfg = Release|Any CPU
		{465A1ACF-408D-4B96-AE46-151DA56BB54C}.Release|iPhone.Build.0 = Release|Any CPU
		{465A1ACF-408D-4B96-AE46-151DA56BB54C}.Release|iPhoneSimulator.ActiveCfg = Release|Any CPU
		{465A1ACF-408D-4B96-AE46-151DA56BB54C}.Release|iPhoneSimulator.Build.0 = Release|Any CPU
		{465A1ACF-408D-4B96-AE46-151DA56BB54C}.Release|x86.ActiveCfg = Release|Any CPU
		{465A1ACF-408D-4B96-AE46-151DA56BB54C}.Release|x86.Build.0 = Release|Any CPU
		{A33BC2FA-071C-4CD2-9C7B-3E461B45E1AB}.Ad-Hoc|Any CPU.ActiveCfg = Release|Any CPU
		{A33BC2FA-071C-4CD2-9C7B-3E461B45E1AB}.Ad-Hoc|Any CPU.Build.0 = Release|Any CPU
		{A33BC2FA-071C-4CD2-9C7B-3E461B45E1AB}.Ad-Hoc|iPhone.ActiveCfg = Release|Any CPU
		{A33BC2FA-071C-4CD2-9C7B-3E461B45E1AB}.Ad-Hoc|iPhone.Build.0 = Release|Any CPU
		{A33BC2FA-071C-4CD2-9C7B-3E461B45E1AB}.Ad-Hoc|iPhoneSimulator.ActiveCfg = Release|Any CPU
		{A33BC2FA-071C-4CD2-9C7B-3E461B45E1AB}.Ad-Hoc|iPhoneSimulator.Build.0 = Release|Any CPU
		{A33BC2FA-071C-4CD2-9C7B-3E461B45E1AB}.Ad-Hoc|x86.ActiveCfg = Debug|Any CPU
		{A33BC2FA-071C-4CD2-9C7B-3E461B45E1AB}.Ad-Hoc|x86.Build.0 = Debug|Any CPU
		{A33BC2FA-071C-4CD2-9C7B-3E461B45E1AB}.AppStore|Any CPU.ActiveCfg = Release|Any CPU
		{A33BC2FA-071C-4CD2-9C7B-3E461B45E1AB}.AppStore|Any CPU.Build.0 = Release|Any CPU
		{A33BC2FA-071C-4CD2-9C7B-3E461B45E1AB}.AppStore|iPhone.ActiveCfg = Release|Any CPU
		{A33BC2FA-071C-4CD2-9C7B-3E461B45E1AB}.AppStore|iPhone.Build.0 = Release|Any CPU
		{A33BC2FA-071C-4CD2-9C7B-3E461B45E1AB}.AppStore|iPhoneSimulator.ActiveCfg = Release|Any CPU
		{A33BC2FA-071C-4CD2-9C7B-3E461B45E1AB}.AppStore|iPhoneSimulator.Build.0 = Release|Any CPU
		{A33BC2FA-071C-4CD2-9C7B-3E461B45E1AB}.AppStore|x86.ActiveCfg = Debug|Any CPU
		{A33BC2FA-071C-4CD2-9C7B-3E461B45E1AB}.AppStore|x86.Build.0 = Debug|Any CPU
		{A33BC2FA-071C-4CD2-9C7B-3E461B45E1AB}.Debug|Any CPU.ActiveCfg = Debug|Any CPU
		{A33BC2FA-071C-4CD2-9C7B-3E461B45E1AB}.Debug|Any CPU.Build.0 = Debug|Any CPU
		{A33BC2FA-071C-4CD2-9C7B-3E461B45E1AB}.Debug|iPhone.ActiveCfg = Debug|Any CPU
		{A33BC2FA-071C-4CD2-9C7B-3E461B45E1AB}.Debug|iPhone.Build.0 = Debug|Any CPU
		{A33BC2FA-071C-4CD2-9C7B-3E461B45E1AB}.Debug|iPhoneSimulator.ActiveCfg = Debug|Any CPU
		{A33BC2FA-071C-4CD2-9C7B-3E461B45E1AB}.Debug|iPhoneSimulator.Build.0 = Debug|Any CPU
		{A33BC2FA-071C-4CD2-9C7B-3E461B45E1AB}.Debug|x86.ActiveCfg = Debug|Any CPU
		{A33BC2FA-071C-4CD2-9C7B-3E461B45E1AB}.Debug|x86.Build.0 = Debug|Any CPU
		{A33BC2FA-071C-4CD2-9C7B-3E461B45E1AB}.Release|Any CPU.ActiveCfg = Release|Any CPU
		{A33BC2FA-071C-4CD2-9C7B-3E461B45E1AB}.Release|Any CPU.Build.0 = Release|Any CPU
		{A33BC2FA-071C-4CD2-9C7B-3E461B45E1AB}.Release|iPhone.ActiveCfg = Release|Any CPU
		{A33BC2FA-071C-4CD2-9C7B-3E461B45E1AB}.Release|iPhone.Build.0 = Release|Any CPU
		{A33BC2FA-071C-4CD2-9C7B-3E461B45E1AB}.Release|iPhoneSimulator.ActiveCfg = Release|Any CPU
		{A33BC2FA-071C-4CD2-9C7B-3E461B45E1AB}.Release|iPhoneSimulator.Build.0 = Release|Any CPU
		{A33BC2FA-071C-4CD2-9C7B-3E461B45E1AB}.Release|x86.ActiveCfg = Release|Any CPU
		{A33BC2FA-071C-4CD2-9C7B-3E461B45E1AB}.Release|x86.Build.0 = Release|Any CPU
		{A5BFC310-9B57-47C1-8C24-8651B7FBE0A8}.Ad-Hoc|Any CPU.ActiveCfg = Debug|Any CPU
		{A5BFC310-9B57-47C1-8C24-8651B7FBE0A8}.Ad-Hoc|Any CPU.Build.0 = Debug|Any CPU
		{A5BFC310-9B57-47C1-8C24-8651B7FBE0A8}.Ad-Hoc|iPhone.ActiveCfg = Debug|Any CPU
		{A5BFC310-9B57-47C1-8C24-8651B7FBE0A8}.Ad-Hoc|iPhone.Build.0 = Debug|Any CPU
		{A5BFC310-9B57-47C1-8C24-8651B7FBE0A8}.Ad-Hoc|iPhoneSimulator.ActiveCfg = Debug|Any CPU
		{A5BFC310-9B57-47C1-8C24-8651B7FBE0A8}.Ad-Hoc|iPhoneSimulator.Build.0 = Debug|Any CPU
		{A5BFC310-9B57-47C1-8C24-8651B7FBE0A8}.Ad-Hoc|x86.ActiveCfg = Release|Any CPU
		{A5BFC310-9B57-47C1-8C24-8651B7FBE0A8}.Ad-Hoc|x86.Build.0 = Release|Any CPU
		{A5BFC310-9B57-47C1-8C24-8651B7FBE0A8}.AppStore|Any CPU.ActiveCfg = Debug|Any CPU
		{A5BFC310-9B57-47C1-8C24-8651B7FBE0A8}.AppStore|Any CPU.Build.0 = Debug|Any CPU
		{A5BFC310-9B57-47C1-8C24-8651B7FBE0A8}.AppStore|iPhone.ActiveCfg = Debug|Any CPU
		{A5BFC310-9B57-47C1-8C24-8651B7FBE0A8}.AppStore|iPhone.Build.0 = Debug|Any CPU
		{A5BFC310-9B57-47C1-8C24-8651B7FBE0A8}.AppStore|iPhoneSimulator.ActiveCfg = Debug|Any CPU
		{A5BFC310-9B57-47C1-8C24-8651B7FBE0A8}.AppStore|iPhoneSimulator.Build.0 = Debug|Any CPU
		{A5BFC310-9B57-47C1-8C24-8651B7FBE0A8}.AppStore|x86.ActiveCfg = Release|Any CPU
		{A5BFC310-9B57-47C1-8C24-8651B7FBE0A8}.AppStore|x86.Build.0 = Release|Any CPU
		{A5BFC310-9B57-47C1-8C24-8651B7FBE0A8}.Debug|Any CPU.ActiveCfg = Debug|Any CPU
		{A5BFC310-9B57-47C1-8C24-8651B7FBE0A8}.Debug|Any CPU.Build.0 = Debug|Any CPU
		{A5BFC310-9B57-47C1-8C24-8651B7FBE0A8}.Debug|iPhone.ActiveCfg = Debug|Any CPU
		{A5BFC310-9B57-47C1-8C24-8651B7FBE0A8}.Debug|iPhone.Build.0 = Debug|Any CPU
		{A5BFC310-9B57-47C1-8C24-8651B7FBE0A8}.Debug|iPhoneSimulator.ActiveCfg = Debug|Any CPU
		{A5BFC310-9B57-47C1-8C24-8651B7FBE0A8}.Debug|iPhoneSimulator.Build.0 = Debug|Any CPU
		{A5BFC310-9B57-47C1-8C24-8651B7FBE0A8}.Debug|x86.ActiveCfg = Debug|Any CPU
		{A5BFC310-9B57-47C1-8C24-8651B7FBE0A8}.Debug|x86.Build.0 = Debug|Any CPU
		{A5BFC310-9B57-47C1-8C24-8651B7FBE0A8}.Release|Any CPU.ActiveCfg = Release|Any CPU
		{A5BFC310-9B57-47C1-8C24-8651B7FBE0A8}.Release|Any CPU.Build.0 = Release|Any CPU
		{A5BFC310-9B57-47C1-8C24-8651B7FBE0A8}.Release|iPhone.ActiveCfg = Release|Any CPU
		{A5BFC310-9B57-47C1-8C24-8651B7FBE0A8}.Release|iPhone.Build.0 = Release|Any CPU
		{A5BFC310-9B57-47C1-8C24-8651B7FBE0A8}.Release|iPhoneSimulator.ActiveCfg = Release|Any CPU
		{A5BFC310-9B57-47C1-8C24-8651B7FBE0A8}.Release|iPhoneSimulator.Build.0 = Release|Any CPU
		{A5BFC310-9B57-47C1-8C24-8651B7FBE0A8}.Release|x86.ActiveCfg = Release|Any CPU
		{A5BFC310-9B57-47C1-8C24-8651B7FBE0A8}.Release|x86.Build.0 = Release|Any CPU
		{B719C506-C161-4B14-AF31-6998358D0D57}.Ad-Hoc|Any CPU.ActiveCfg = Debug|Any CPU
		{B719C506-C161-4B14-AF31-6998358D0D57}.Ad-Hoc|Any CPU.Build.0 = Debug|Any CPU
		{B719C506-C161-4B14-AF31-6998358D0D57}.Ad-Hoc|iPhone.ActiveCfg = Debug|Any CPU
		{B719C506-C161-4B14-AF31-6998358D0D57}.Ad-Hoc|iPhone.Build.0 = Debug|Any CPU
		{B719C506-C161-4B14-AF31-6998358D0D57}.Ad-Hoc|iPhoneSimulator.ActiveCfg = Debug|Any CPU
		{B719C506-C161-4B14-AF31-6998358D0D57}.Ad-Hoc|iPhoneSimulator.Build.0 = Debug|Any CPU
		{B719C506-C161-4B14-AF31-6998358D0D57}.Ad-Hoc|x86.ActiveCfg = Release|Any CPU
		{B719C506-C161-4B14-AF31-6998358D0D57}.Ad-Hoc|x86.Build.0 = Release|Any CPU
		{B719C506-C161-4B14-AF31-6998358D0D57}.AppStore|Any CPU.ActiveCfg = Debug|Any CPU
		{B719C506-C161-4B14-AF31-6998358D0D57}.AppStore|Any CPU.Build.0 = Debug|Any CPU
		{B719C506-C161-4B14-AF31-6998358D0D57}.AppStore|iPhone.ActiveCfg = Debug|Any CPU
		{B719C506-C161-4B14-AF31-6998358D0D57}.AppStore|iPhone.Build.0 = Debug|Any CPU
		{B719C506-C161-4B14-AF31-6998358D0D57}.AppStore|iPhoneSimulator.ActiveCfg = Debug|Any CPU
		{B719C506-C161-4B14-AF31-6998358D0D57}.AppStore|iPhoneSimulator.Build.0 = Debug|Any CPU
		{B719C506-C161-4B14-AF31-6998358D0D57}.AppStore|x86.ActiveCfg = Release|Any CPU
		{B719C506-C161-4B14-AF31-6998358D0D57}.AppStore|x86.Build.0 = Release|Any CPU
		{B719C506-C161-4B14-AF31-6998358D0D57}.Debug|Any CPU.ActiveCfg = Debug|Any CPU
		{B719C506-C161-4B14-AF31-6998358D0D57}.Debug|Any CPU.Build.0 = Debug|Any CPU
		{B719C506-C161-4B14-AF31-6998358D0D57}.Debug|iPhone.ActiveCfg = Debug|Any CPU
		{B719C506-C161-4B14-AF31-6998358D0D57}.Debug|iPhone.Build.0 = Debug|Any CPU
		{B719C506-C161-4B14-AF31-6998358D0D57}.Debug|iPhoneSimulator.ActiveCfg = Debug|Any CPU
		{B719C506-C161-4B14-AF31-6998358D0D57}.Debug|iPhoneSimulator.Build.0 = Debug|Any CPU
		{B719C506-C161-4B14-AF31-6998358D0D57}.Debug|x86.ActiveCfg = Debug|Any CPU
		{B719C506-C161-4B14-AF31-6998358D0D57}.Debug|x86.Build.0 = Debug|Any CPU
		{B719C506-C161-4B14-AF31-6998358D0D57}.Release|Any CPU.ActiveCfg = Release|Any CPU
		{B719C506-C161-4B14-AF31-6998358D0D57}.Release|Any CPU.Build.0 = Release|Any CPU
		{B719C506-C161-4B14-AF31-6998358D0D57}.Release|iPhone.ActiveCfg = Release|Any CPU
		{B719C506-C161-4B14-AF31-6998358D0D57}.Release|iPhone.Build.0 = Release|Any CPU
		{B719C506-C161-4B14-AF31-6998358D0D57}.Release|iPhoneSimulator.ActiveCfg = Release|Any CPU
		{B719C506-C161-4B14-AF31-6998358D0D57}.Release|iPhoneSimulator.Build.0 = Release|Any CPU
		{B719C506-C161-4B14-AF31-6998358D0D57}.Release|x86.ActiveCfg = Release|Any CPU
		{B719C506-C161-4B14-AF31-6998358D0D57}.Release|x86.Build.0 = Release|Any CPU
		{D16446EC-8F56-4785-99EE-7E8CEB4F4520}.Ad-Hoc|Any CPU.ActiveCfg = Debug|Any CPU
		{D16446EC-8F56-4785-99EE-7E8CEB4F4520}.Ad-Hoc|Any CPU.Build.0 = Debug|Any CPU
		{D16446EC-8F56-4785-99EE-7E8CEB4F4520}.Ad-Hoc|iPhone.ActiveCfg = Debug|Any CPU
		{D16446EC-8F56-4785-99EE-7E8CEB4F4520}.Ad-Hoc|iPhone.Build.0 = Debug|Any CPU
		{D16446EC-8F56-4785-99EE-7E8CEB4F4520}.Ad-Hoc|iPhoneSimulator.ActiveCfg = Debug|Any CPU
		{D16446EC-8F56-4785-99EE-7E8CEB4F4520}.Ad-Hoc|iPhoneSimulator.Build.0 = Debug|Any CPU
		{D16446EC-8F56-4785-99EE-7E8CEB4F4520}.Ad-Hoc|x86.ActiveCfg = Release|Any CPU
		{D16446EC-8F56-4785-99EE-7E8CEB4F4520}.Ad-Hoc|x86.Build.0 = Release|Any CPU
		{D16446EC-8F56-4785-99EE-7E8CEB4F4520}.AppStore|Any CPU.ActiveCfg = Debug|Any CPU
		{D16446EC-8F56-4785-99EE-7E8CEB4F4520}.AppStore|Any CPU.Build.0 = Debug|Any CPU
		{D16446EC-8F56-4785-99EE-7E8CEB4F4520}.AppStore|iPhone.ActiveCfg = Debug|Any CPU
		{D16446EC-8F56-4785-99EE-7E8CEB4F4520}.AppStore|iPhone.Build.0 = Debug|Any CPU
		{D16446EC-8F56-4785-99EE-7E8CEB4F4520}.AppStore|iPhoneSimulator.ActiveCfg = Debug|Any CPU
		{D16446EC-8F56-4785-99EE-7E8CEB4F4520}.AppStore|iPhoneSimulator.Build.0 = Debug|Any CPU
		{D16446EC-8F56-4785-99EE-7E8CEB4F4520}.AppStore|x86.ActiveCfg = Release|Any CPU
		{D16446EC-8F56-4785-99EE-7E8CEB4F4520}.AppStore|x86.Build.0 = Release|Any CPU
		{D16446EC-8F56-4785-99EE-7E8CEB4F4520}.Debug|Any CPU.ActiveCfg = Debug|Any CPU
		{D16446EC-8F56-4785-99EE-7E8CEB4F4520}.Debug|Any CPU.Build.0 = Debug|Any CPU
		{D16446EC-8F56-4785-99EE-7E8CEB4F4520}.Debug|iPhone.ActiveCfg = Debug|Any CPU
		{D16446EC-8F56-4785-99EE-7E8CEB4F4520}.Debug|iPhone.Build.0 = Debug|Any CPU
		{D16446EC-8F56-4785-99EE-7E8CEB4F4520}.Debug|iPhoneSimulator.ActiveCfg = Debug|Any CPU
		{D16446EC-8F56-4785-99EE-7E8CEB4F4520}.Debug|iPhoneSimulator.Build.0 = Debug|Any CPU
		{D16446EC-8F56-4785-99EE-7E8CEB4F4520}.Debug|x86.ActiveCfg = Debug|Any CPU
		{D16446EC-8F56-4785-99EE-7E8CEB4F4520}.Debug|x86.Build.0 = Debug|Any CPU
		{D16446EC-8F56-4785-99EE-7E8CEB4F4520}.Release|Any CPU.ActiveCfg = Debug|Any CPU
		{D16446EC-8F56-4785-99EE-7E8CEB4F4520}.Release|Any CPU.Build.0 = Debug|Any CPU
		{D16446EC-8F56-4785-99EE-7E8CEB4F4520}.Release|iPhone.ActiveCfg = Release|Any CPU
		{D16446EC-8F56-4785-99EE-7E8CEB4F4520}.Release|iPhone.Build.0 = Release|Any CPU
		{D16446EC-8F56-4785-99EE-7E8CEB4F4520}.Release|iPhoneSimulator.ActiveCfg = Release|Any CPU
		{D16446EC-8F56-4785-99EE-7E8CEB4F4520}.Release|iPhoneSimulator.Build.0 = Release|Any CPU
		{D16446EC-8F56-4785-99EE-7E8CEB4F4520}.Release|x86.ActiveCfg = Release|Any CPU
		{D16446EC-8F56-4785-99EE-7E8CEB4F4520}.Release|x86.Build.0 = Release|Any CPU
		{BD944FDA-6634-4320-8F11-44FD8A134315}.Ad-Hoc|Any CPU.ActiveCfg = Debug|Any CPU
		{BD944FDA-6634-4320-8F11-44FD8A134315}.Ad-Hoc|Any CPU.Build.0 = Debug|Any CPU
		{BD944FDA-6634-4320-8F11-44FD8A134315}.Ad-Hoc|iPhone.ActiveCfg = Debug|Any CPU
		{BD944FDA-6634-4320-8F11-44FD8A134315}.Ad-Hoc|iPhone.Build.0 = Debug|Any CPU
		{BD944FDA-6634-4320-8F11-44FD8A134315}.Ad-Hoc|iPhoneSimulator.ActiveCfg = Debug|Any CPU
		{BD944FDA-6634-4320-8F11-44FD8A134315}.Ad-Hoc|iPhoneSimulator.Build.0 = Debug|Any CPU
		{BD944FDA-6634-4320-8F11-44FD8A134315}.Ad-Hoc|x86.ActiveCfg = Release|Any CPU
		{BD944FDA-6634-4320-8F11-44FD8A134315}.Ad-Hoc|x86.Build.0 = Release|Any CPU
		{BD944FDA-6634-4320-8F11-44FD8A134315}.AppStore|Any CPU.ActiveCfg = Debug|Any CPU
		{BD944FDA-6634-4320-8F11-44FD8A134315}.AppStore|Any CPU.Build.0 = Debug|Any CPU
		{BD944FDA-6634-4320-8F11-44FD8A134315}.AppStore|iPhone.ActiveCfg = Debug|Any CPU
		{BD944FDA-6634-4320-8F11-44FD8A134315}.AppStore|iPhone.Build.0 = Debug|Any CPU
		{BD944FDA-6634-4320-8F11-44FD8A134315}.AppStore|iPhoneSimulator.ActiveCfg = Debug|Any CPU
		{BD944FDA-6634-4320-8F11-44FD8A134315}.AppStore|iPhoneSimulator.Build.0 = Debug|Any CPU
		{BD944FDA-6634-4320-8F11-44FD8A134315}.AppStore|x86.ActiveCfg = Release|Any CPU
		{BD944FDA-6634-4320-8F11-44FD8A134315}.AppStore|x86.Build.0 = Release|Any CPU
		{BD944FDA-6634-4320-8F11-44FD8A134315}.Debug|Any CPU.ActiveCfg = Debug|Any CPU
		{BD944FDA-6634-4320-8F11-44FD8A134315}.Debug|Any CPU.Build.0 = Debug|Any CPU
		{BD944FDA-6634-4320-8F11-44FD8A134315}.Debug|iPhone.ActiveCfg = Debug|Any CPU
		{BD944FDA-6634-4320-8F11-44FD8A134315}.Debug|iPhone.Build.0 = Debug|Any CPU
		{BD944FDA-6634-4320-8F11-44FD8A134315}.Debug|iPhoneSimulator.ActiveCfg = Debug|Any CPU
		{BD944FDA-6634-4320-8F11-44FD8A134315}.Debug|iPhoneSimulator.Build.0 = Debug|Any CPU
		{BD944FDA-6634-4320-8F11-44FD8A134315}.Debug|x86.ActiveCfg = Debug|Any CPU
		{BD944FDA-6634-4320-8F11-44FD8A134315}.Debug|x86.Build.0 = Debug|Any CPU
		{BD944FDA-6634-4320-8F11-44FD8A134315}.Release|Any CPU.ActiveCfg = Release|Any CPU
		{BD944FDA-6634-4320-8F11-44FD8A134315}.Release|Any CPU.Build.0 = Release|Any CPU
		{BD944FDA-6634-4320-8F11-44FD8A134315}.Release|iPhone.ActiveCfg = Release|Any CPU
		{BD944FDA-6634-4320-8F11-44FD8A134315}.Release|iPhone.Build.0 = Release|Any CPU
		{BD944FDA-6634-4320-8F11-44FD8A134315}.Release|iPhoneSimulator.ActiveCfg = Release|Any CPU
		{BD944FDA-6634-4320-8F11-44FD8A134315}.Release|iPhoneSimulator.Build.0 = Release|Any CPU
		{BD944FDA-6634-4320-8F11-44FD8A134315}.Release|x86.ActiveCfg = Release|Any CPU
		{BD944FDA-6634-4320-8F11-44FD8A134315}.Release|x86.Build.0 = Release|Any CPU
		{6A8F651A-FEF5-498A-96A6-920DC9DB16BD}.Ad-Hoc|Any CPU.ActiveCfg = Debug|Any CPU
		{6A8F651A-FEF5-498A-96A6-920DC9DB16BD}.Ad-Hoc|Any CPU.Build.0 = Debug|Any CPU
		{6A8F651A-FEF5-498A-96A6-920DC9DB16BD}.Ad-Hoc|iPhone.ActiveCfg = Debug|Any CPU
		{6A8F651A-FEF5-498A-96A6-920DC9DB16BD}.Ad-Hoc|iPhone.Build.0 = Debug|Any CPU
		{6A8F651A-FEF5-498A-96A6-920DC9DB16BD}.Ad-Hoc|iPhoneSimulator.ActiveCfg = Debug|Any CPU
		{6A8F651A-FEF5-498A-96A6-920DC9DB16BD}.Ad-Hoc|iPhoneSimulator.Build.0 = Debug|Any CPU
		{6A8F651A-FEF5-498A-96A6-920DC9DB16BD}.Ad-Hoc|x86.ActiveCfg = Debug|Any CPU
		{6A8F651A-FEF5-498A-96A6-920DC9DB16BD}.Ad-Hoc|x86.Build.0 = Debug|Any CPU
		{6A8F651A-FEF5-498A-96A6-920DC9DB16BD}.AppStore|Any CPU.ActiveCfg = Debug|Any CPU
		{6A8F651A-FEF5-498A-96A6-920DC9DB16BD}.AppStore|Any CPU.Build.0 = Debug|Any CPU
		{6A8F651A-FEF5-498A-96A6-920DC9DB16BD}.AppStore|iPhone.ActiveCfg = Debug|Any CPU
		{6A8F651A-FEF5-498A-96A6-920DC9DB16BD}.AppStore|iPhone.Build.0 = Debug|Any CPU
		{6A8F651A-FEF5-498A-96A6-920DC9DB16BD}.AppStore|iPhoneSimulator.ActiveCfg = Debug|Any CPU
		{6A8F651A-FEF5-498A-96A6-920DC9DB16BD}.AppStore|iPhoneSimulator.Build.0 = Debug|Any CPU
		{6A8F651A-FEF5-498A-96A6-920DC9DB16BD}.AppStore|x86.ActiveCfg = Debug|Any CPU
		{6A8F651A-FEF5-498A-96A6-920DC9DB16BD}.AppStore|x86.Build.0 = Debug|Any CPU
		{6A8F651A-FEF5-498A-96A6-920DC9DB16BD}.Debug|Any CPU.ActiveCfg = Debug|Any CPU
		{6A8F651A-FEF5-498A-96A6-920DC9DB16BD}.Debug|Any CPU.Build.0 = Debug|Any CPU
		{6A8F651A-FEF5-498A-96A6-920DC9DB16BD}.Debug|iPhone.ActiveCfg = Debug|Any CPU
		{6A8F651A-FEF5-498A-96A6-920DC9DB16BD}.Debug|iPhone.Build.0 = Debug|Any CPU
		{6A8F651A-FEF5-498A-96A6-920DC9DB16BD}.Debug|iPhoneSimulator.ActiveCfg = Debug|Any CPU
		{6A8F651A-FEF5-498A-96A6-920DC9DB16BD}.Debug|iPhoneSimulator.Build.0 = Debug|Any CPU
		{6A8F651A-FEF5-498A-96A6-920DC9DB16BD}.Debug|x86.ActiveCfg = Debug|Any CPU
		{6A8F651A-FEF5-498A-96A6-920DC9DB16BD}.Debug|x86.Build.0 = Debug|Any CPU
		{6A8F651A-FEF5-498A-96A6-920DC9DB16BD}.Release|Any CPU.ActiveCfg = Release|Any CPU
		{6A8F651A-FEF5-498A-96A6-920DC9DB16BD}.Release|Any CPU.Build.0 = Release|Any CPU
		{6A8F651A-FEF5-498A-96A6-920DC9DB16BD}.Release|iPhone.ActiveCfg = Release|Any CPU
		{6A8F651A-FEF5-498A-96A6-920DC9DB16BD}.Release|iPhone.Build.0 = Release|Any CPU
		{6A8F651A-FEF5-498A-96A6-920DC9DB16BD}.Release|iPhoneSimulator.ActiveCfg = Release|Any CPU
		{6A8F651A-FEF5-498A-96A6-920DC9DB16BD}.Release|iPhoneSimulator.Build.0 = Release|Any CPU
		{6A8F651A-FEF5-498A-96A6-920DC9DB16BD}.Release|x86.ActiveCfg = Release|Any CPU
		{6A8F651A-FEF5-498A-96A6-920DC9DB16BD}.Release|x86.Build.0 = Release|Any CPU
		{663D73A0-F0EC-4DC7-BE1B-6BDFFCDDADE6}.Ad-Hoc|Any CPU.ActiveCfg = Debug|Any CPU
		{663D73A0-F0EC-4DC7-BE1B-6BDFFCDDADE6}.Ad-Hoc|Any CPU.Build.0 = Debug|Any CPU
		{663D73A0-F0EC-4DC7-BE1B-6BDFFCDDADE6}.Ad-Hoc|iPhone.ActiveCfg = Debug|Any CPU
		{663D73A0-F0EC-4DC7-BE1B-6BDFFCDDADE6}.Ad-Hoc|iPhone.Build.0 = Debug|Any CPU
		{663D73A0-F0EC-4DC7-BE1B-6BDFFCDDADE6}.Ad-Hoc|iPhoneSimulator.ActiveCfg = Debug|Any CPU
		{663D73A0-F0EC-4DC7-BE1B-6BDFFCDDADE6}.Ad-Hoc|iPhoneSimulator.Build.0 = Debug|Any CPU
		{663D73A0-F0EC-4DC7-BE1B-6BDFFCDDADE6}.Ad-Hoc|x86.ActiveCfg = Debug|Any CPU
		{663D73A0-F0EC-4DC7-BE1B-6BDFFCDDADE6}.Ad-Hoc|x86.Build.0 = Debug|Any CPU
		{663D73A0-F0EC-4DC7-BE1B-6BDFFCDDADE6}.AppStore|Any CPU.ActiveCfg = Debug|Any CPU
		{663D73A0-F0EC-4DC7-BE1B-6BDFFCDDADE6}.AppStore|Any CPU.Build.0 = Debug|Any CPU
		{663D73A0-F0EC-4DC7-BE1B-6BDFFCDDADE6}.AppStore|iPhone.ActiveCfg = Debug|Any CPU
		{663D73A0-F0EC-4DC7-BE1B-6BDFFCDDADE6}.AppStore|iPhone.Build.0 = Debug|Any CPU
		{663D73A0-F0EC-4DC7-BE1B-6BDFFCDDADE6}.AppStore|iPhoneSimulator.ActiveCfg = Debug|Any CPU
		{663D73A0-F0EC-4DC7-BE1B-6BDFFCDDADE6}.AppStore|iPhoneSimulator.Build.0 = Debug|Any CPU
		{663D73A0-F0EC-4DC7-BE1B-6BDFFCDDADE6}.AppStore|x86.ActiveCfg = Debug|Any CPU
		{663D73A0-F0EC-4DC7-BE1B-6BDFFCDDADE6}.AppStore|x86.Build.0 = Debug|Any CPU
		{663D73A0-F0EC-4DC7-BE1B-6BDFFCDDADE6}.Debug|Any CPU.ActiveCfg = Debug|Any CPU
		{663D73A0-F0EC-4DC7-BE1B-6BDFFCDDADE6}.Debug|Any CPU.Build.0 = Debug|Any CPU
		{663D73A0-F0EC-4DC7-BE1B-6BDFFCDDADE6}.Debug|iPhone.ActiveCfg = Debug|Any CPU
		{663D73A0-F0EC-4DC7-BE1B-6BDFFCDDADE6}.Debug|iPhone.Build.0 = Debug|Any CPU
		{663D73A0-F0EC-4DC7-BE1B-6BDFFCDDADE6}.Debug|iPhoneSimulator.ActiveCfg = Debug|Any CPU
		{663D73A0-F0EC-4DC7-BE1B-6BDFFCDDADE6}.Debug|iPhoneSimulator.Build.0 = Debug|Any CPU
		{663D73A0-F0EC-4DC7-BE1B-6BDFFCDDADE6}.Debug|x86.ActiveCfg = Debug|Any CPU
		{663D73A0-F0EC-4DC7-BE1B-6BDFFCDDADE6}.Debug|x86.Build.0 = Debug|Any CPU
		{663D73A0-F0EC-4DC7-BE1B-6BDFFCDDADE6}.Release|Any CPU.ActiveCfg = Release|Any CPU
		{663D73A0-F0EC-4DC7-BE1B-6BDFFCDDADE6}.Release|Any CPU.Build.0 = Release|Any CPU
		{663D73A0-F0EC-4DC7-BE1B-6BDFFCDDADE6}.Release|iPhone.ActiveCfg = Release|Any CPU
		{663D73A0-F0EC-4DC7-BE1B-6BDFFCDDADE6}.Release|iPhone.Build.0 = Release|Any CPU
		{663D73A0-F0EC-4DC7-BE1B-6BDFFCDDADE6}.Release|iPhoneSimulator.ActiveCfg = Release|Any CPU
		{663D73A0-F0EC-4DC7-BE1B-6BDFFCDDADE6}.Release|iPhoneSimulator.Build.0 = Release|Any CPU
		{663D73A0-F0EC-4DC7-BE1B-6BDFFCDDADE6}.Release|x86.ActiveCfg = Release|Any CPU
		{663D73A0-F0EC-4DC7-BE1B-6BDFFCDDADE6}.Release|x86.Build.0 = Release|Any CPU
		{AB21E61F-A803-4526-AC72-8791523B1F69}.Ad-Hoc|Any CPU.ActiveCfg = Debug|Any CPU
		{AB21E61F-A803-4526-AC72-8791523B1F69}.Ad-Hoc|Any CPU.Build.0 = Debug|Any CPU
		{AB21E61F-A803-4526-AC72-8791523B1F69}.Ad-Hoc|Any CPU.Deploy.0 = Debug|Any CPU
		{AB21E61F-A803-4526-AC72-8791523B1F69}.Ad-Hoc|iPhone.ActiveCfg = Debug|Any CPU
		{AB21E61F-A803-4526-AC72-8791523B1F69}.Ad-Hoc|iPhone.Build.0 = Debug|Any CPU
		{AB21E61F-A803-4526-AC72-8791523B1F69}.Ad-Hoc|iPhone.Deploy.0 = Debug|Any CPU
		{AB21E61F-A803-4526-AC72-8791523B1F69}.Ad-Hoc|iPhoneSimulator.ActiveCfg = Debug|Any CPU
		{AB21E61F-A803-4526-AC72-8791523B1F69}.Ad-Hoc|iPhoneSimulator.Build.0 = Debug|Any CPU
		{AB21E61F-A803-4526-AC72-8791523B1F69}.Ad-Hoc|iPhoneSimulator.Deploy.0 = Debug|Any CPU
		{AB21E61F-A803-4526-AC72-8791523B1F69}.Ad-Hoc|x86.ActiveCfg = Debug|Any CPU
		{AB21E61F-A803-4526-AC72-8791523B1F69}.Ad-Hoc|x86.Build.0 = Debug|Any CPU
		{AB21E61F-A803-4526-AC72-8791523B1F69}.Ad-Hoc|x86.Deploy.0 = Debug|Any CPU
		{AB21E61F-A803-4526-AC72-8791523B1F69}.AppStore|Any CPU.ActiveCfg = Debug|Any CPU
		{AB21E61F-A803-4526-AC72-8791523B1F69}.AppStore|Any CPU.Build.0 = Debug|Any CPU
		{AB21E61F-A803-4526-AC72-8791523B1F69}.AppStore|Any CPU.Deploy.0 = Debug|Any CPU
		{AB21E61F-A803-4526-AC72-8791523B1F69}.AppStore|iPhone.ActiveCfg = Debug|Any CPU
		{AB21E61F-A803-4526-AC72-8791523B1F69}.AppStore|iPhone.Build.0 = Debug|Any CPU
		{AB21E61F-A803-4526-AC72-8791523B1F69}.AppStore|iPhone.Deploy.0 = Debug|Any CPU
		{AB21E61F-A803-4526-AC72-8791523B1F69}.AppStore|iPhoneSimulator.ActiveCfg = Debug|Any CPU
		{AB21E61F-A803-4526-AC72-8791523B1F69}.AppStore|iPhoneSimulator.Build.0 = Debug|Any CPU
		{AB21E61F-A803-4526-AC72-8791523B1F69}.AppStore|iPhoneSimulator.Deploy.0 = Debug|Any CPU
		{AB21E61F-A803-4526-AC72-8791523B1F69}.AppStore|x86.ActiveCfg = Debug|Any CPU
		{AB21E61F-A803-4526-AC72-8791523B1F69}.AppStore|x86.Build.0 = Debug|Any CPU
		{AB21E61F-A803-4526-AC72-8791523B1F69}.AppStore|x86.Deploy.0 = Debug|Any CPU
		{AB21E61F-A803-4526-AC72-8791523B1F69}.Debug|Any CPU.ActiveCfg = Debug|Any CPU
		{AB21E61F-A803-4526-AC72-8791523B1F69}.Debug|Any CPU.Build.0 = Debug|Any CPU
		{AB21E61F-A803-4526-AC72-8791523B1F69}.Debug|Any CPU.Deploy.0 = Debug|Any CPU
		{AB21E61F-A803-4526-AC72-8791523B1F69}.Debug|iPhone.ActiveCfg = Debug|Any CPU
		{AB21E61F-A803-4526-AC72-8791523B1F69}.Debug|iPhone.Build.0 = Debug|Any CPU
		{AB21E61F-A803-4526-AC72-8791523B1F69}.Debug|iPhone.Deploy.0 = Debug|Any CPU
		{AB21E61F-A803-4526-AC72-8791523B1F69}.Debug|iPhoneSimulator.ActiveCfg = Debug|Any CPU
		{AB21E61F-A803-4526-AC72-8791523B1F69}.Debug|iPhoneSimulator.Build.0 = Debug|Any CPU
		{AB21E61F-A803-4526-AC72-8791523B1F69}.Debug|iPhoneSimulator.Deploy.0 = Debug|Any CPU
		{AB21E61F-A803-4526-AC72-8791523B1F69}.Debug|x86.ActiveCfg = Debug|Any CPU
		{AB21E61F-A803-4526-AC72-8791523B1F69}.Debug|x86.Build.0 = Debug|Any CPU
		{AB21E61F-A803-4526-AC72-8791523B1F69}.Debug|x86.Deploy.0 = Debug|Any CPU
		{AB21E61F-A803-4526-AC72-8791523B1F69}.Release|Any CPU.ActiveCfg = Release|Any CPU
		{AB21E61F-A803-4526-AC72-8791523B1F69}.Release|Any CPU.Build.0 = Release|Any CPU
		{AB21E61F-A803-4526-AC72-8791523B1F69}.Release|Any CPU.Deploy.0 = Release|Any CPU
		{AB21E61F-A803-4526-AC72-8791523B1F69}.Release|iPhone.ActiveCfg = Release|Any CPU
		{AB21E61F-A803-4526-AC72-8791523B1F69}.Release|iPhone.Build.0 = Release|Any CPU
		{AB21E61F-A803-4526-AC72-8791523B1F69}.Release|iPhone.Deploy.0 = Release|Any CPU
		{AB21E61F-A803-4526-AC72-8791523B1F69}.Release|iPhoneSimulator.ActiveCfg = Release|Any CPU
		{AB21E61F-A803-4526-AC72-8791523B1F69}.Release|iPhoneSimulator.Build.0 = Release|Any CPU
		{AB21E61F-A803-4526-AC72-8791523B1F69}.Release|iPhoneSimulator.Deploy.0 = Release|Any CPU
		{AB21E61F-A803-4526-AC72-8791523B1F69}.Release|x86.ActiveCfg = Release|Any CPU
		{AB21E61F-A803-4526-AC72-8791523B1F69}.Release|x86.Build.0 = Release|Any CPU
		{AB21E61F-A803-4526-AC72-8791523B1F69}.Release|x86.Deploy.0 = Release|Any CPU
	EndGlobalSection
	GlobalSection(SolutionProperties) = preSolution
		HideSolutionNode = FALSE
	EndGlobalSection
	GlobalSection(NestedProjects) = preSolution
		{62AD09BF-2BB1-4720-93A3-9237B4CCA283} = {A8C83388-DA5F-4DD2-AD69-A2BA575CACE3}
		{DFF2ECB2-6E9C-471D-ADA9-EDA9057AE159} = {6A540555-F10D-4207-B690-69E7979E5DBB}
		{A33BC2FA-071C-4CD2-9C7B-3E461B45E1AB} = {6A540555-F10D-4207-B690-69E7979E5DBB}
		{A5BFC310-9B57-47C1-8C24-8651B7FBE0A8} = {A8C83388-DA5F-4DD2-AD69-A2BA575CACE3}
		{B719C506-C161-4B14-AF31-6998358D0D57} = {A8C83388-DA5F-4DD2-AD69-A2BA575CACE3}
		{D16446EC-8F56-4785-99EE-7E8CEB4F4520} = {D4347FB9-3251-4F15-88EF-60FFCFE81931}
		{BD944FDA-6634-4320-8F11-44FD8A134315} = {9ACAEBA8-2C62-4BBC-8381-EF70F5132760}
		{6A8F651A-FEF5-498A-96A6-920DC9DB16BD} = {D4347FB9-3251-4F15-88EF-60FFCFE81931}
		{663D73A0-F0EC-4DC7-BE1B-6BDFFCDDADE6} = {D424426D-89FD-41D2-B511-3A5BCBFC82CA}
		{AB21E61F-A803-4526-AC72-8791523B1F69} = {BE5F5868-00DC-4C7D-8B3C-2D19D825FC66}
	EndGlobalSection
	GlobalSection(ExtensibilityGlobals) = postSolution
		SolutionGuid = {3A03071D-A663-4044-8F0B-45C626576FD7}
	EndGlobalSection
EndGlobal
