
Microsoft Visual Studio Solution File, Format Version 12.00
# Visual Studio Version 17
VisualStudioVersion = 17.0.31903.59
MinimumVisualStudioVersion = 10.0.40219.1
Project("{9A19103F-16F7-4668-BE54-9A1E7A4F7556}") = "MLunarCoffee", "MLunarCoffee\MLunarCoffee.csproj", "{5703E311-203D-49DA-89CF-230E9CA1712D}"
EndProject
Project("{9A19103F-16F7-4668-BE54-9A1E7A4F7556}") = "LibRCL", "LibRCL\LibRCL.csproj", "{465A1ACF-408D-4B96-AE46-151DA56BB54C}"
EndProject
Project("{9A19103F-16F7-4668-BE54-9A1E7A4F7556}") = "CoffeePage", "CoffeePage\CoffeePage.csproj", "{609D8A62-28A7-4DF8-812A-F5716204D599}"
	ProjectSection(ProjectDependencies) = postProject
		{465A1ACF-408D-4B96-AE46-151DA56BB54C} = {465A1ACF-408D-4B96-AE46-151DA56BB54C}
	EndProjectSection
EndProject
Global
	GlobalSection(SolutionConfigurationPlatforms) = preSolution
		Ad-Hoc|Any CPU = Ad-Hoc|Any CPU
		Ad-Hoc|iPhone = Ad-Hoc|iPhone
		Ad-Hoc|iPhoneSimulator = Ad-Hoc|iPhoneSimulator
		Ad-Hoc|x86 = Ad-Hoc|x86
		AppStore|Any CPU = AppStore|Any CPU
		AppStore|iPhone = AppStore|iPhone
		AppStore|iPhoneSimulator = AppStore|iPhoneSimulator
		AppStore|x86 = AppStore|x86
		Debug|Any CPU = Debug|Any CPU
		Debug|iPhone = Debug|iPhone
		Debug|iPhoneSimulator = Debug|iPhoneSimulator
		Debug|x86 = Debug|x86
		Release|Any CPU = Release|Any CPU
		Release|iPhone = Release|iPhone
		Release|iPhoneSimulator = Release|iPhoneSimulator
		Release|x86 = Release|x86
	EndGlobalSection
	GlobalSection(ProjectConfigurationPlatforms) = postSolution
		{5703E311-203D-49DA-89CF-230E9CA1712D}.Ad-Hoc|Any CPU.ActiveCfg = Release|Any CPU
		{5703E311-203D-49DA-89CF-230E9CA1712D}.Ad-Hoc|Any CPU.Build.0 = Release|Any CPU
		{5703E311-203D-49DA-89CF-230E9CA1712D}.Ad-Hoc|iPhone.ActiveCfg = Release|Any CPU
		{5703E311-203D-49DA-89CF-230E9CA1712D}.Ad-Hoc|iPhone.Build.0 = Release|Any CPU
		{5703E311-203D-49DA-89CF-230E9CA1712D}.Ad-Hoc|iPhoneSimulator.ActiveCfg = Release|Any CPU
		{5703E311-203D-49DA-89CF-230E9CA1712D}.Ad-Hoc|iPhoneSimulator.Build.0 = Release|Any CPU
		{5703E311-203D-49DA-89CF-230E9CA1712D}.Ad-Hoc|x86.ActiveCfg = Nikko|Any CPU
		{5703E311-203D-49DA-89CF-230E9CA1712D}.Ad-Hoc|x86.Build.0 = Nikko|Any CPU
		{5703E311-203D-49DA-89CF-230E9CA1712D}.AppStore|Any CPU.ActiveCfg = Release|Any CPU
		{5703E311-203D-49DA-89CF-230E9CA1712D}.AppStore|Any CPU.Build.0 = Release|Any CPU
		{5703E311-203D-49DA-89CF-230E9CA1712D}.AppStore|iPhone.ActiveCfg = Release|Any CPU
		{5703E311-203D-49DA-89CF-230E9CA1712D}.AppStore|iPhone.Build.0 = Release|Any CPU
		{5703E311-203D-49DA-89CF-230E9CA1712D}.AppStore|iPhoneSimulator.ActiveCfg = Release|Any CPU
		{5703E311-203D-49DA-89CF-230E9CA1712D}.AppStore|iPhoneSimulator.Build.0 = Release|Any CPU
		{5703E311-203D-49DA-89CF-230E9CA1712D}.AppStore|x86.ActiveCfg = Nikko|Any CPU
		{5703E311-203D-49DA-89CF-230E9CA1712D}.AppStore|x86.Build.0 = Nikko|Any CPU
		{5703E311-203D-49DA-89CF-230E9CA1712D}.Debug|Any CPU.ActiveCfg = Debug|Any CPU
		{5703E311-203D-49DA-89CF-230E9CA1712D}.Debug|Any CPU.Build.0 = Debug|Any CPU
		{5703E311-203D-49DA-89CF-230E9CA1712D}.Debug|iPhone.ActiveCfg = Debug|Any CPU
		{5703E311-203D-49DA-89CF-230E9CA1712D}.Debug|iPhone.Build.0 = Debug|Any CPU
		{5703E311-203D-49DA-89CF-230E9CA1712D}.Debug|iPhoneSimulator.ActiveCfg = Debug|Any CPU
		{5703E311-203D-49DA-89CF-230E9CA1712D}.Debug|iPhoneSimulator.Build.0 = Debug|Any CPU
		{5703E311-203D-49DA-89CF-230E9CA1712D}.Debug|x86.ActiveCfg = Debug|Any CPU
		{5703E311-203D-49DA-89CF-230E9CA1712D}.Debug|x86.Build.0 = Debug|Any CPU
		{5703E311-203D-49DA-89CF-230E9CA1712D}.Release|Any CPU.ActiveCfg = Release|Any CPU
		{5703E311-203D-49DA-89CF-230E9CA1712D}.Release|Any CPU.Build.0 = Release|Any CPU
		{5703E311-203D-49DA-89CF-230E9CA1712D}.Release|iPhone.ActiveCfg = Release|Any CPU
		{5703E311-203D-49DA-89CF-230E9CA1712D}.Release|iPhone.Build.0 = Release|Any CPU
		{5703E311-203D-49DA-89CF-230E9CA1712D}.Release|iPhoneSimulator.ActiveCfg = Release|Any CPU
		{5703E311-203D-49DA-89CF-230E9CA1712D}.Release|iPhoneSimulator.Build.0 = Release|Any CPU
		{5703E311-203D-49DA-89CF-230E9CA1712D}.Release|x86.ActiveCfg = Release|Any CPU
		{5703E311-203D-49DA-89CF-230E9CA1712D}.Release|x86.Build.0 = Release|Any CPU
		{465A1ACF-408D-4B96-AE46-151DA56BB54C}.Ad-Hoc|Any CPU.ActiveCfg = Release|Any CPU
		{465A1ACF-408D-4B96-AE46-151DA56BB54C}.Ad-Hoc|Any CPU.Build.0 = Release|Any CPU
		{465A1ACF-408D-4B96-AE46-151DA56BB54C}.Ad-Hoc|iPhone.ActiveCfg = Release|Any CPU
		{465A1ACF-408D-4B96-AE46-151DA56BB54C}.Ad-Hoc|iPhone.Build.0 = Release|Any CPU
		{465A1ACF-408D-4B96-AE46-151DA56BB54C}.Ad-Hoc|iPhoneSimulator.ActiveCfg = Release|Any CPU
		{465A1ACF-408D-4B96-AE46-151DA56BB54C}.Ad-Hoc|iPhoneSimulator.Build.0 = Release|Any CPU
		{465A1ACF-408D-4B96-AE46-151DA56BB54C}.Ad-Hoc|x86.ActiveCfg = Debug|Any CPU
		{465A1ACF-408D-4B96-AE46-151DA56BB54C}.Ad-Hoc|x86.Build.0 = Debug|Any CPU
		{465A1ACF-408D-4B96-AE46-151DA56BB54C}.AppStore|Any CPU.ActiveCfg = Release|Any CPU
		{465A1ACF-408D-4B96-AE46-151DA56BB54C}.AppStore|Any CPU.Build.0 = Release|Any CPU
		{465A1ACF-408D-4B96-AE46-151DA56BB54C}.AppStore|iPhone.ActiveCfg = Release|Any CPU
		{465A1ACF-408D-4B96-AE46-151DA56BB54C}.AppStore|iPhone.Build.0 = Release|Any CPU
		{465A1ACF-408D-4B96-AE46-151DA56BB54C}.AppStore|iPhoneSimulator.ActiveCfg = Release|Any CPU
		{465A1ACF-408D-4B96-AE46-151DA56BB54C}.AppStore|iPhoneSimulator.Build.0 = Release|Any CPU
		{465A1ACF-408D-4B96-AE46-151DA56BB54C}.AppStore|x86.ActiveCfg = Debug|Any CPU
		{465A1ACF-408D-4B96-AE46-151DA56BB54C}.AppStore|x86.Build.0 = Debug|Any CPU
		{465A1ACF-408D-4B96-AE46-151DA56BB54C}.Debug|Any CPU.ActiveCfg = Debug|Any CPU
		{465A1ACF-408D-4B96-AE46-151DA56BB54C}.Debug|Any CPU.Build.0 = Debug|Any CPU
		{465A1ACF-408D-4B96-AE46-151DA56BB54C}.Debug|iPhone.ActiveCfg = Debug|Any CPU
		{465A1ACF-408D-4B96-AE46-151DA56BB54C}.Debug|iPhone.Build.0 = Debug|Any CPU
		{465A1ACF-408D-4B96-AE46-151DA56BB54C}.Debug|iPhoneSimulator.ActiveCfg = Debug|Any CPU
		{465A1ACF-408D-4B96-AE46-151DA56BB54C}.Debug|iPhoneSimulator.Build.0 = Debug|Any CPU
		{465A1ACF-408D-4B96-AE46-151DA56BB54C}.Debug|x86.ActiveCfg = Debug|Any CPU
		{465A1ACF-408D-4B96-AE46-151DA56BB54C}.Debug|x86.Build.0 = Debug|Any CPU
		{465A1ACF-408D-4B96-AE46-151DA56BB54C}.Release|Any CPU.ActiveCfg = Release|Any CPU
		{465A1ACF-408D-4B96-AE46-151DA56BB54C}.Release|Any CPU.Build.0 = Release|Any CPU
		{465A1ACF-408D-4B96-AE46-151DA56BB54C}.Release|iPhone.ActiveCfg = Release|Any CPU
		{465A1ACF-408D-4B96-AE46-151DA56BB54C}.Release|iPhone.Build.0 = Release|Any CPU
		{465A1ACF-408D-4B96-AE46-151DA56BB54C}.Release|iPhoneSimulator.ActiveCfg = Release|Any CPU
		{465A1ACF-408D-4B96-AE46-151DA56BB54C}.Release|iPhoneSimulator.Build.0 = Release|Any CPU
		{465A1ACF-408D-4B96-AE46-151DA56BB54C}.Release|x86.ActiveCfg = Release|Any CPU
		{465A1ACF-408D-4B96-AE46-151DA56BB54C}.Release|x86.Build.0 = Release|Any CPU
		{609D8A62-28A7-4DF8-812A-F5716204D599}.Ad-Hoc|Any CPU.ActiveCfg = Debug|Any CPU
		{609D8A62-28A7-4DF8-812A-F5716204D599}.Ad-Hoc|Any CPU.Build.0 = Debug|Any CPU
		{609D8A62-28A7-4DF8-812A-F5716204D599}.Ad-Hoc|iPhone.ActiveCfg = Debug|Any CPU
		{609D8A62-28A7-4DF8-812A-F5716204D599}.Ad-Hoc|iPhone.Build.0 = Debug|Any CPU
		{609D8A62-28A7-4DF8-812A-F5716204D599}.Ad-Hoc|iPhoneSimulator.ActiveCfg = Debug|Any CPU
		{609D8A62-28A7-4DF8-812A-F5716204D599}.Ad-Hoc|iPhoneSimulator.Build.0 = Debug|Any CPU
		{609D8A62-28A7-4DF8-812A-F5716204D599}.Ad-Hoc|x86.ActiveCfg = Debug|Any CPU
		{609D8A62-28A7-4DF8-812A-F5716204D599}.Ad-Hoc|x86.Build.0 = Debug|Any CPU
		{609D8A62-28A7-4DF8-812A-F5716204D599}.AppStore|Any CPU.ActiveCfg = Debug|Any CPU
		{609D8A62-28A7-4DF8-812A-F5716204D599}.AppStore|Any CPU.Build.0 = Debug|Any CPU
		{609D8A62-28A7-4DF8-812A-F5716204D599}.AppStore|iPhone.ActiveCfg = Debug|Any CPU
		{609D8A62-28A7-4DF8-812A-F5716204D599}.AppStore|iPhone.Build.0 = Debug|Any CPU
		{609D8A62-28A7-4DF8-812A-F5716204D599}.AppStore|iPhoneSimulator.ActiveCfg = Debug|Any CPU
		{609D8A62-28A7-4DF8-812A-F5716204D599}.AppStore|iPhoneSimulator.Build.0 = Debug|Any CPU
		{609D8A62-28A7-4DF8-812A-F5716204D599}.AppStore|x86.ActiveCfg = Debug|Any CPU
		{609D8A62-28A7-4DF8-812A-F5716204D599}.AppStore|x86.Build.0 = Debug|Any CPU
		{609D8A62-28A7-4DF8-812A-F5716204D599}.Debug|Any CPU.ActiveCfg = Debug|Any CPU
		{609D8A62-28A7-4DF8-812A-F5716204D599}.Debug|Any CPU.Build.0 = Debug|Any CPU
		{609D8A62-28A7-4DF8-812A-F5716204D599}.Debug|iPhone.ActiveCfg = Debug|Any CPU
		{609D8A62-28A7-4DF8-812A-F5716204D599}.Debug|iPhone.Build.0 = Debug|Any CPU
		{609D8A62-28A7-4DF8-812A-F5716204D599}.Debug|iPhoneSimulator.ActiveCfg = Debug|Any CPU
		{609D8A62-28A7-4DF8-812A-F5716204D599}.Debug|iPhoneSimulator.Build.0 = Debug|Any CPU
		{609D8A62-28A7-4DF8-812A-F5716204D599}.Debug|x86.ActiveCfg = Debug|Any CPU
		{609D8A62-28A7-4DF8-812A-F5716204D599}.Debug|x86.Build.0 = Debug|Any CPU
		{609D8A62-28A7-4DF8-812A-F5716204D599}.Release|Any CPU.ActiveCfg = Release|Any CPU
		{609D8A62-28A7-4DF8-812A-F5716204D599}.Release|Any CPU.Build.0 = Release|Any CPU
		{609D8A62-28A7-4DF8-812A-F5716204D599}.Release|iPhone.ActiveCfg = Release|Any CPU
		{609D8A62-28A7-4DF8-812A-F5716204D599}.Release|iPhone.Build.0 = Release|Any CPU
		{609D8A62-28A7-4DF8-812A-F5716204D599}.Release|iPhoneSimulator.ActiveCfg = Release|Any CPU
		{609D8A62-28A7-4DF8-812A-F5716204D599}.Release|iPhoneSimulator.Build.0 = Release|Any CPU
		{609D8A62-28A7-4DF8-812A-F5716204D599}.Release|x86.ActiveCfg = Release|Any CPU
		{609D8A62-28A7-4DF8-812A-F5716204D599}.Release|x86.Build.0 = Release|Any CPU
	EndGlobalSection
	GlobalSection(SolutionProperties) = preSolution
		HideSolutionNode = FALSE
	EndGlobalSection
	GlobalSection(ExtensibilityGlobals) = postSolution
		SolutionGuid = {3A03071D-A663-4044-8F0B-45C626576FD7}
	EndGlobalSection
EndGlobal
